
Microsoft Visual Studio Solution File, Format Version 11.00
# Visual Studio 2010
Project("{FAE04EC0-301F-11D3-BF4B-00C04F79EFBC}") = "Unity.Timeline", "Unity.Timeline.csproj", "{a18d6142-f8d1-dcee-e56c-6683f30ad221}"
EndProject
Project("{FAE04EC0-301F-11D3-BF4B-00C04F79EFBC}") = "Unity.PlasticSCM.Editor", "Unity.PlasticSCM.Editor.csproj", "{bb7f5c99-653f-c842-11b1-c259d4fa9d42}"
EndProject
Project("{FAE04EC0-301F-11D3-BF4B-00C04F79EFBC}") = "Unity.RenderPipelines.GPUDriven.Runtime", "Unity.RenderPipelines.GPUDriven.Runtime.csproj", "{85650a14-1c9f-9b9e-a5c1-a0aaca865dbb}"
EndProject
Project("{FAE04EC0-301F-11D3-BF4B-00C04F79EFBC}") = "Unity.ShaderGraph.Editor", "Unity.ShaderGraph.Editor.csproj", "{2d44c844-fc5b-eddc-8d70-1c3451d39aa7}"
EndProject
Project("{FAE04EC0-301F-11D3-BF4B-00C04F79EFBC}") = "Unity.ProBuilder", "Unity.ProBuilder.csproj", "{b0ed1739-08a9-f237-08be-6249423613cf}"
EndProject
Project("{FAE04EC0-301F-11D3-BF4B-00C04F79EFBC}") = "Unity.Timeline.Editor", "Unity.Timeline.Editor.csproj", "{d0ffb031-1e3e-e700-06eb-706a205f203a}"
EndProject
Project("{FAE04EC0-301F-11D3-BF4B-00C04F79EFBC}") = "Unity.RenderPipelines.Core.Runtime", "Unity.RenderPipelines.Core.Runtime.csproj", "{371b7787-440c-a43e-6378-3aa7c3ca3b98}"
EndProject
Project("{FAE04EC0-301F-11D3-BF4B-00C04F79EFBC}") = "Unity.Multiplayer.Center.Editor", "Unity.Multiplayer.Center.Editor.csproj", "{e34f173c-60c6-2703-6f78-efff167ec3e3}"
EndProject
Project("{FAE04EC0-301F-11D3-BF4B-00C04F79EFBC}") = "Unity.Mathematics", "Unity.Mathematics.csproj", "{e2e93a11-b0a0-de1a-f668-0a2f857c5c7d}"
EndProject
Project("{FAE04EC0-301F-11D3-BF4B-00C04F79EFBC}") = "Unity.RenderPipelines.Core.Editor", "Unity.RenderPipelines.Core.Editor.csproj", "{9db0b141-27d0-9a85-09ff-1aa9acfcdab5}"
EndProject
Project("{FAE04EC0-301F-11D3-BF4B-00C04F79EFBC}") = "Unity.Collections", "Unity.Collections.csproj", "{a1fc11c6-660d-0ff5-6653-c7064828111f}"
EndProject
Project("{FAE04EC0-301F-11D3-BF4B-00C04F79EFBC}") = "UnityEngine.UI", "UnityEngine.UI.csproj", "{8914cfd5-fed5-7614-72a4-40434cd00892}"
EndProject
Project("{FAE04EC0-301F-11D3-BF4B-00C04F79EFBC}") = "UnityEditor.TestRunner", "UnityEditor.TestRunner.csproj", "{b902cae9-1342-ac5a-cdd8-3bc0fb6b2ea5}"
EndProject
Project("{FAE04EC0-301F-11D3-BF4B-00C04F79EFBC}") = "Unity.ProBuilder.Poly2Tri", "Unity.ProBuilder.Poly2Tri.csproj", "{24477f0f-4bdf-6231-06ea-7c61fb4f5447}"
EndProject
Project("{FAE04EC0-301F-11D3-BF4B-00C04F79EFBC}") = "Unity.PerformanceTesting.Editor", "Unity.PerformanceTesting.Editor.csproj", "{d467daac-20e5-d57e-2417-4a7e6cf732ec}"
EndProject
Project("{FAE04EC0-301F-11D3-BF4B-00C04F79EFBC}") = "UnityEngine.TestRunner", "UnityEngine.TestRunner.csproj", "{1b5958c8-1dd2-0ff2-20f2-71324fdd75df}"
EndProject
Project("{FAE04EC0-301F-11D3-BF4B-00C04F79EFBC}") = "Unity.Searcher.Editor", "Unity.Searcher.Editor.csproj", "{8da952c5-ca69-feef-be89-ec8a67e1c697}"
EndProject
Project("{FAE04EC0-301F-11D3-BF4B-00C04F79EFBC}") = "Unity.Burst", "Unity.Burst.csproj", "{74f45193-c431-e035-81c6-ec2b1c041efb}"
EndProject
Project("{FAE04EC0-301F-11D3-BF4B-00C04F79EFBC}") = "Unity.ProBuilder.Csg", "Unity.ProBuilder.Csg.csproj", "{132e7387-70c7-3c68-e508-870b54fc54f2}"
EndProject
Project("{FAE04EC0-301F-11D3-BF4B-00C04F79EFBC}") = "Unity.AI.Navigation.Editor", "Unity.AI.Navigation.Editor.csproj", "{dac6cff3-dc3a-8073-283f-b81333ef1044}"
EndProject
Project("{FAE04EC0-301F-11D3-BF4B-00C04F79EFBC}") = "Unity.VisualStudio.Editor", "Unity.VisualStudio.Editor.csproj", "{5c82fdd8-f556-e1bf-cade-872f7d14e082}"
EndProject
Project("{FAE04EC0-301F-11D3-BF4B-00C04F79EFBC}") = "Unity.PathTracing.Runtime", "Unity.PathTracing.Runtime.csproj", "{deead276-29f2-cbc0-5035-193a559a25e5}"
EndProject
Project("{FAE04EC0-301F-11D3-BF4B-00C04F79EFBC}") = "Unity.RenderPipelines.Core.Runtime.Shared", "Unity.RenderPipelines.Core.Runtime.Shared.csproj", "{a69976a0-9e2f-7d3b-72dc-b585e1fffdc4}"
EndProject
Project("{FAE04EC0-301F-11D3-BF4B-00C04F79EFBC}") = "Unity.TextMeshPro.Editor", "Unity.TextMeshPro.Editor.csproj", "{d60319a8-2ee1-360d-d6f3-499477d4ac61}"
EndProject
Project("{FAE04EC0-301F-11D3-BF4B-00C04F79EFBC}") = "Unity.Rider.Editor", "Unity.Rider.Editor.csproj", "{e48450d6-a570-c1dc-c8aa-df2b239b3023}"
EndProject
Project("{FAE04EC0-301F-11D3-BF4B-00C04F79EFBC}") = "Unity.ProBuilder.Editor", "Unity.ProBuilder.Editor.csproj", "{bc6be9cb-a534-3fb5-b7ee-76e68959c66a}"
EndProject
Project("{FAE04EC0-301F-11D3-BF4B-00C04F79EFBC}") = "Unity.UnifiedRayTracing.Runtime", "Unity.UnifiedRayTracing.Runtime.csproj", "{1e56d33d-ce13-4700-1cb0-b5d820f8de48}"
EndProject
Project("{FAE04EC0-301F-11D3-BF4B-00C04F79EFBC}") = "Unity.AI.Navigation.Editor.ConversionSystem", "Unity.AI.Navigation.Editor.ConversionSystem.csproj", "{8c06230d-c198-27f0-b8b0-c4cd8ff1bae2}"
EndProject
Project("{FAE04EC0-301F-11D3-BF4B-00C04F79EFBC}") = "Unity.InternalAPIEngineBridge.004", "Unity.InternalAPIEngineBridge.004.csproj", "{cc0ff42e-9f2d-5fb9-93a1-f222417638cf}"
EndProject
Project("{FAE04EC0-301F-11D3-BF4B-00C04F79EFBC}") = "Assembly-CSharp", "Assembly-CSharp.csproj", "{4a3ac7c4-167d-2569-5dbc-25cc8f13d59d}"
EndProject
Project("{FAE04EC0-301F-11D3-BF4B-00C04F79EFBC}") = "Unity.Burst.CodeGen", "Unity.Burst.CodeGen.csproj", "{a2680243-366b-f4b8-cd5e-a36d99943180}"
EndProject
Project("{FAE04EC0-301F-11D3-BF4B-00C04F79EFBC}") = "Unity.PerformanceTesting", "Unity.PerformanceTesting.csproj", "{8952f982-ea66-8a72-87e0-abdc56b3d1b9}"
EndProject
Project("{FAE04EC0-301F-11D3-BF4B-00C04F79EFBC}") = "Unity.AI.Navigation", "Unity.AI.Navigation.csproj", "{59ad87fb-d15e-d5a0-0635-e805249ae462}"
EndProject
Project("{FAE04EC0-301F-11D3-BF4B-00C04F79EFBC}") = "UnityEditor.UI", "UnityEditor.UI.csproj", "{af14404a-babc-701b-10d5-a322bb5e545e}"
EndProject
Project("{FAE04EC0-301F-11D3-BF4B-00C04F79EFBC}") = "Unity.TextMeshPro", "Unity.TextMeshPro.csproj", "{1d39eecc-d028-021c-7751-9e78b16d51c2}"
EndProject
Project("{FAE04EC0-301F-11D3-BF4B-00C04F79EFBC}") = "Unity.RenderPipelines.Core.Editor.Shared", "Unity.RenderPipelines.Core.Editor.Shared.csproj", "{4265af14-0fe8-dfca-40db-a84efa152275}"
EndProject
Project("{FAE04EC0-301F-11D3-BF4B-00C04F79EFBC}") = "Unity.VSCode.Editor", "Unity.VSCode.Editor.csproj", "{6f59973b-ca97-6dcf-28fb-622514dcd8d6}"
EndProject
Project("{FAE04EC0-301F-11D3-BF4B-00C04F79EFBC}") = "Unity.Burst.Editor", "Unity.Burst.Editor.csproj", "{d12f517c-2773-c4bd-5503-2f8b41a8dc32}"
EndProject
Project("{FAE04EC0-301F-11D3-BF4B-00C04F79EFBC}") = "Unity.AI.Navigation.Updater", "Unity.AI.Navigation.Updater.csproj", "{20b3d57d-816f-a0e7-eced-4b32d5106409}"
EndProject
Project("{FAE04EC0-301F-11D3-BF4B-00C04F79EFBC}") = "Unity.InternalAPIEditorBridge.ShaderGraph.Editor", "Unity.InternalAPIEditorBridge.ShaderGraph.Editor.csproj", "{60529dfd-f61d-953a-3d0d-ba7c869c45ac}"
EndProject
Project("{FAE04EC0-301F-11D3-BF4B-00C04F79EFBC}") = "Unity.ProBuilder.Stl", "Unity.ProBuilder.Stl.csproj", "{c0c6eccc-d676-26ca-4b3f-5926f1f9a1cd}"
EndProject
Project("{FAE04EC0-301F-11D3-BF4B-00C04F79EFBC}") = "Unity.Settings.Editor", "Unity.Settings.Editor.csproj", "{7d2ac715-4774-9ee7-6fae-69a94c0bf515}"
EndProject
Project("{FAE04EC0-301F-11D3-BF4B-00C04F79EFBC}") = "Unity.SurfaceCache.Runtime", "Unity.SurfaceCache.Runtime.csproj", "{2b838471-d8af-e31c-283f-84b4091fdbb4}"
EndProject
Project("{FAE04EC0-301F-11D3-BF4B-00C04F79EFBC}") = "Unity.Multiplayer.Center.Common", "Unity.Multiplayer.Center.Common.csproj", "{170d0b90-f49f-ce74-95ef-a8ef48c86d8a}"
EndProject
Project("{FAE04EC0-301F-11D3-BF4B-00C04F79EFBC}") = "Unity.ProBuilder.KdTree", "Unity.ProBuilder.KdTree.csproj", "{0740b3cb-a9b5-89d8-bd3c-44f5d036fb97}"
EndProject
Project("{FAE04EC0-301F-11D3-BF4B-00C04F79EFBC}") = "Unity.ProBuilder.AddOns.Editor", "Unity.ProBuilder.AddOns.Editor.csproj", "{47dfc570-b738-3748-2f87-d08b82443e04}"
EndProject
Project("{FAE04EC0-301F-11D3-BF4B-00C04F79EFBC}") = "Unity.Collections.CodeGen", "Unity.Collections.CodeGen.csproj", "{e2a834c3-6a0c-cd34-82aa-2f883934351b}"
EndProject
Project("{FAE04EC0-301F-11D3-BF4B-00C04F79EFBC}") = "Unity.Mathematics.Editor", "Unity.Mathematics.Editor.csproj", "{a1abad2d-81d5-b581-c098-2879fc8f53ab}"
EndProject
Project("{FAE04EC0-301F-11D3-BF4B-00C04F79EFBC}") = "Unity.CollabProxy.Editor", "Unity.CollabProxy.Editor.csproj", "{62166538-5422-49f5-f0f3-d852e69d0069}"
EndProject
Project("{FAE04EC0-301F-11D3-BF4B-00C04F79EFBC}") = "Unity.PathTracing.Editor", "Unity.PathTracing.Editor.csproj", "{11cb352b-4373-b42f-b302-3cfb255d96aa}"
EndProject
Project("{FAE04EC0-301F-11D3-BF4B-00C04F79EFBC}") = "UnityEditor.UI.Analytics", "UnityEditor.UI.Analytics.csproj", "{305c19eb-c533-85de-0b53-4ddb05661aac}"
EndProject
Project("{FAE04EC0-301F-11D3-BF4B-00C04F79EFBC}") = "Unity.ProBuilder.AssetIdRemapUtility", "Unity.ProBuilder.AssetIdRemapUtility.csproj", "{f16d0647-ab1f-2343-dd22-2803fc5f0e85}"
EndProject
Project("{FAE04EC0-301F-11D3-BF4B-00C04F79EFBC}") = "Unity.ShaderGraph.Utilities", "Unity.ShaderGraph.Utilities.csproj", "{efe9f670-b781-c093-c111-171387e6f6e4}"
EndProject
Project("{FAE04EC0-301F-11D3-BF4B-00C04F79EFBC}") = "Unity.InternalAPIEngineBridge.RenderPipelines.Core.Runtime.Shared", "Unity.InternalAPIEngineBridge.RenderPipelines.Core.Runtime.Shared.csproj", "{dbbaa73b-36ec-66e8-ccf3-697a223551b9}"
EndProject
Project("{FAE04EC0-301F-11D3-BF4B-00C04F79EFBC}") = "Unity.PlasticSCM.Editor.Entities", "Unity.PlasticSCM.Editor.Entities.csproj", "{4142eb88-c7f4-53bf-f3c7-846f43cbf7c2}"
EndProject
Project("{FAE04EC0-301F-11D3-BF4B-00C04F79EFBC}") = "Unity.Rendering.LightTransport.Editor", "Unity.Rendering.LightTransport.Editor.csproj", "{7c7fbff3-6dd1-5149-b5f0-64403303c658}"
EndProject
Project("{FAE04EC0-301F-11D3-BF4B-00C04F79EFBC}") = "Unity.Collections.Editor", "Unity.Collections.Editor.csproj", "{9334b107-41ea-a7d7-d231-7fd66b1cbacd}"
EndProject
Project("{FAE04EC0-301F-11D3-BF4B-00C04F79EFBC}") = "Unity.RenderPipelines.ShaderGraph.ShaderGraphLibrary", "Unity.RenderPipelines.ShaderGraph.ShaderGraphLibrary.csproj", "{54ed2f11-80ab-b7e7-6df8-ed121530ebf6}"
EndProject
Project("{FAE04EC0-301F-11D3-BF4B-00C04F79EFBC}") = "Unity.RenderPipelines.Core.ShaderLibrary", "Unity.RenderPipelines.Core.ShaderLibrary.csproj", "{db3d209e-951c-7f16-394c-4003d3d274ef}"
EndProject
Global
	GlobalSection(SolutionConfigurationPlatforms) = preSolution
		Debug|Any CPU = Debug|Any CPU
	EndGlobalSection
	GlobalSection(ProjectConfigurationPlatforms) = postSolution
		{a18d6142-f8d1-dcee-e56c-6683f30ad221}.Debug|Any CPU.ActiveCfg = Debug|Any CPU
		{a18d6142-f8d1-dcee-e56c-6683f30ad221}.Debug|Any CPU.Build.0 = Debug|Any CPU
		{bb7f5c99-653f-c842-11b1-c259d4fa9d42}.Debug|Any CPU.ActiveCfg = Debug|Any CPU
		{bb7f5c99-653f-c842-11b1-c259d4fa9d42}.Debug|Any CPU.Build.0 = Debug|Any CPU
		{85650a14-1c9f-9b9e-a5c1-a0aaca865dbb}.Debug|Any CPU.ActiveCfg = Debug|Any CPU
		{85650a14-1c9f-9b9e-a5c1-a0aaca865dbb}.Debug|Any CPU.Build.0 = Debug|Any CPU
		{2d44c844-fc5b-eddc-8d70-1c3451d39aa7}.Debug|Any CPU.ActiveCfg = Debug|Any CPU
		{2d44c844-fc5b-eddc-8d70-1c3451d39aa7}.Debug|Any CPU.Build.0 = Debug|Any CPU
		{b0ed1739-08a9-f237-08be-6249423613cf}.Debug|Any CPU.ActiveCfg = Debug|Any CPU
		{b0ed1739-08a9-f237-08be-6249423613cf}.Debug|Any CPU.Build.0 = Debug|Any CPU
		{d0ffb031-1e3e-e700-06eb-706a205f203a}.Debug|Any CPU.ActiveCfg = Debug|Any CPU
		{d0ffb031-1e3e-e700-06eb-706a205f203a}.Debug|Any CPU.Build.0 = Debug|Any CPU
		{371b7787-440c-a43e-6378-3aa7c3ca3b98}.Debug|Any CPU.ActiveCfg = Debug|Any CPU
		{371b7787-440c-a43e-6378-3aa7c3ca3b98}.Debug|Any CPU.Build.0 = Debug|Any CPU
		{e34f173c-60c6-2703-6f78-efff167ec3e3}.Debug|Any CPU.ActiveCfg = Debug|Any CPU
		{e34f173c-60c6-2703-6f78-efff167ec3e3}.Debug|Any CPU.Build.0 = Debug|Any CPU
		{e2e93a11-b0a0-de1a-f668-0a2f857c5c7d}.Debug|Any CPU.ActiveCfg = Debug|Any CPU
		{e2e93a11-b0a0-de1a-f668-0a2f857c5c7d}.Debug|Any CPU.Build.0 = Debug|Any CPU
		{9db0b141-27d0-9a85-09ff-1aa9acfcdab5}.Debug|Any CPU.ActiveCfg = Debug|Any CPU
		{9db0b141-27d0-9a85-09ff-1aa9acfcdab5}.Debug|Any CPU.Build.0 = Debug|Any CPU
		{a1fc11c6-660d-0ff5-6653-c7064828111f}.Debug|Any CPU.ActiveCfg = Debug|Any CPU
		{a1fc11c6-660d-0ff5-6653-c7064828111f}.Debug|Any CPU.Build.0 = Debug|Any CPU
		{8914cfd5-fed5-7614-72a4-40434cd00892}.Debug|Any CPU.ActiveCfg = Debug|Any CPU
		{8914cfd5-fed5-7614-72a4-40434cd00892}.Debug|Any CPU.Build.0 = Debug|Any CPU
		{b902cae9-1342-ac5a-cdd8-3bc0fb6b2ea5}.Debug|Any CPU.ActiveCfg = Debug|Any CPU
		{b902cae9-1342-ac5a-cdd8-3bc0fb6b2ea5}.Debug|Any CPU.Build.0 = Debug|Any CPU
		{24477f0f-4bdf-6231-06ea-7c61fb4f5447}.Debug|Any CPU.ActiveCfg = Debug|Any CPU
		{24477f0f-4bdf-6231-06ea-7c61fb4f5447}.Debug|Any CPU.Build.0 = Debug|Any CPU
		{d467daac-20e5-d57e-2417-4a7e6cf732ec}.Debug|Any CPU.ActiveCfg = Debug|Any CPU
		{d467daac-20e5-d57e-2417-4a7e6cf732ec}.Debug|Any CPU.Build.0 = Debug|Any CPU
		{1b5958c8-1dd2-0ff2-20f2-71324fdd75df}.Debug|Any CPU.ActiveCfg = Debug|Any CPU
		{1b5958c8-1dd2-0ff2-20f2-71324fdd75df}.Debug|Any CPU.Build.0 = Debug|Any CPU
		{8da952c5-ca69-feef-be89-ec8a67e1c697}.Debug|Any CPU.ActiveCfg = Debug|Any CPU
		{8da952c5-ca69-feef-be89-ec8a67e1c697}.Debug|Any CPU.Build.0 = Debug|Any CPU
		{74f45193-c431-e035-81c6-ec2b1c041efb}.Debug|Any CPU.ActiveCfg = Debug|Any CPU
		{74f45193-c431-e035-81c6-ec2b1c041efb}.Debug|Any CPU.Build.0 = Debug|Any CPU
		{132e7387-70c7-3c68-e508-870b54fc54f2}.Debug|Any CPU.ActiveCfg = Debug|Any CPU
		{132e7387-70c7-3c68-e508-870b54fc54f2}.Debug|Any CPU.Build.0 = Debug|Any CPU
		{dac6cff3-dc3a-8073-283f-b81333ef1044}.Debug|Any CPU.ActiveCfg = Debug|Any CPU
		{dac6cff3-dc3a-8073-283f-b81333ef1044}.Debug|Any CPU.Build.0 = Debug|Any CPU
		{5c82fdd8-f556-e1bf-cade-872f7d14e082}.Debug|Any CPU.ActiveCfg = Debug|Any CPU
		{5c82fdd8-f556-e1bf-cade-872f7d14e082}.Debug|Any CPU.Build.0 = Debug|Any CPU
		{deead276-29f2-cbc0-5035-193a559a25e5}.Debug|Any CPU.ActiveCfg = Debug|Any CPU
		{deead276-29f2-cbc0-5035-193a559a25e5}.Debug|Any CPU.Build.0 = Debug|Any CPU
		{a69976a0-9e2f-7d3b-72dc-b585e1fffdc4}.Debug|Any CPU.ActiveCfg = Debug|Any CPU
		{a69976a0-9e2f-7d3b-72dc-b585e1fffdc4}.Debug|Any CPU.Build.0 = Debug|Any CPU
		{d60319a8-2ee1-360d-d6f3-499477d4ac61}.Debug|Any CPU.ActiveCfg = Debug|Any CPU
		{d60319a8-2ee1-360d-d6f3-499477d4ac61}.Debug|Any CPU.Build.0 = Debug|Any CPU
		{e48450d6-a570-c1dc-c8aa-df2b239b3023}.Debug|Any CPU.ActiveCfg = Debug|Any CPU
		{e48450d6-a570-c1dc-c8aa-df2b239b3023}.Debug|Any CPU.Build.0 = Debug|Any CPU
		{bc6be9cb-a534-3fb5-b7ee-76e68959c66a}.Debug|Any CPU.ActiveCfg = Debug|Any CPU
		{bc6be9cb-a534-3fb5-b7ee-76e68959c66a}.Debug|Any CPU.Build.0 = Debug|Any CPU
		{1e56d33d-ce13-4700-1cb0-b5d820f8de48}.Debug|Any CPU.ActiveCfg = Debug|Any CPU
		{1e56d33d-ce13-4700-1cb0-b5d820f8de48}.Debug|Any CPU.Build.0 = Debug|Any CPU
		{8c06230d-c198-27f0-b8b0-c4cd8ff1bae2}.Debug|Any CPU.ActiveCfg = Debug|Any CPU
		{8c06230d-c198-27f0-b8b0-c4cd8ff1bae2}.Debug|Any CPU.Build.0 = Debug|Any CPU
		{cc0ff42e-9f2d-5fb9-93a1-f222417638cf}.Debug|Any CPU.ActiveCfg = Debug|Any CPU
		{cc0ff42e-9f2d-5fb9-93a1-f222417638cf}.Debug|Any CPU.Build.0 = Debug|Any CPU
		{4a3ac7c4-167d-2569-5dbc-25cc8f13d59d}.Debug|Any CPU.ActiveCfg = Debug|Any CPU
		{4a3ac7c4-167d-2569-5dbc-25cc8f13d59d}.Debug|Any CPU.Build.0 = Debug|Any CPU
		{a2680243-366b-f4b8-cd5e-a36d99943180}.Debug|Any CPU.ActiveCfg = Debug|Any CPU
		{a2680243-366b-f4b8-cd5e-a36d99943180}.Debug|Any CPU.Build.0 = Debug|Any CPU
		{8952f982-ea66-8a72-87e0-abdc56b3d1b9}.Debug|Any CPU.ActiveCfg = Debug|Any CPU
		{8952f982-ea66-8a72-87e0-abdc56b3d1b9}.Debug|Any CPU.Build.0 = Debug|Any CPU
		{59ad87fb-d15e-d5a0-0635-e805249ae462}.Debug|Any CPU.ActiveCfg = Debug|Any CPU
		{59ad87fb-d15e-d5a0-0635-e805249ae462}.Debug|Any CPU.Build.0 = Debug|Any CPU
		{af14404a-babc-701b-10d5-a322bb5e545e}.Debug|Any CPU.ActiveCfg = Debug|Any CPU
		{af14404a-babc-701b-10d5-a322bb5e545e}.Debug|Any CPU.Build.0 = Debug|Any CPU
		{1d39eecc-d028-021c-7751-9e78b16d51c2}.Debug|Any CPU.ActiveCfg = Debug|Any CPU
		{1d39eecc-d028-021c-7751-9e78b16d51c2}.Debug|Any CPU.Build.0 = Debug|Any CPU
		{4265af14-0fe8-dfca-40db-a84efa152275}.Debug|Any CPU.ActiveCfg = Debug|Any CPU
		{4265af14-0fe8-dfca-40db-a84efa152275}.Debug|Any CPU.Build.0 = Debug|Any CPU
		{6f59973b-ca97-6dcf-28fb-622514dcd8d6}.Debug|Any CPU.ActiveCfg = Debug|Any CPU
		{6f59973b-ca97-6dcf-28fb-622514dcd8d6}.Debug|Any CPU.Build.0 = Debug|Any CPU
		{d12f517c-2773-c4bd-5503-2f8b41a8dc32}.Debug|Any CPU.ActiveCfg = Debug|Any CPU
		{d12f517c-2773-c4bd-5503-2f8b41a8dc32}.Debug|Any CPU.Build.0 = Debug|Any CPU
		{20b3d57d-816f-a0e7-eced-4b32d5106409}.Debug|Any CPU.ActiveCfg = Debug|Any CPU
		{20b3d57d-816f-a0e7-eced-4b32d5106409}.Debug|Any CPU.Build.0 = Debug|Any CPU
		{60529dfd-f61d-953a-3d0d-ba7c869c45ac}.Debug|Any CPU.ActiveCfg = Debug|Any CPU
		{60529dfd-f61d-953a-3d0d-ba7c869c45ac}.Debug|Any CPU.Build.0 = Debug|Any CPU
		{c0c6eccc-d676-26ca-4b3f-5926f1f9a1cd}.Debug|Any CPU.ActiveCfg = Debug|Any CPU
		{c0c6eccc-d676-26ca-4b3f-5926f1f9a1cd}.Debug|Any CPU.Build.0 = Debug|Any CPU
		{7d2ac715-4774-9ee7-6fae-69a94c0bf515}.Debug|Any CPU.ActiveCfg = Debug|Any CPU
		{7d2ac715-4774-9ee7-6fae-69a94c0bf515}.Debug|Any CPU.Build.0 = Debug|Any CPU
		{2b838471-d8af-e31c-283f-84b4091fdbb4}.Debug|Any CPU.ActiveCfg = Debug|Any CPU
		{2b838471-d8af-e31c-283f-84b4091fdbb4}.Debug|Any CPU.Build.0 = Debug|Any CPU
		{170d0b90-f49f-ce74-95ef-a8ef48c86d8a}.Debug|Any CPU.ActiveCfg = Debug|Any CPU
		{170d0b90-f49f-ce74-95ef-a8ef48c86d8a}.Debug|Any CPU.Build.0 = Debug|Any CPU
		{0740b3cb-a9b5-89d8-bd3c-44f5d036fb97}.Debug|Any CPU.ActiveCfg = Debug|Any CPU
		{0740b3cb-a9b5-89d8-bd3c-44f5d036fb97}.Debug|Any CPU.Build.0 = Debug|Any CPU
		{47dfc570-b738-3748-2f87-d08b82443e04}.Debug|Any CPU.ActiveCfg = Debug|Any CPU
		{47dfc570-b738-3748-2f87-d08b82443e04}.Debug|Any CPU.Build.0 = Debug|Any CPU
		{e2a834c3-6a0c-cd34-82aa-2f883934351b}.Debug|Any CPU.ActiveCfg = Debug|Any CPU
		{e2a834c3-6a0c-cd34-82aa-2f883934351b}.Debug|Any CPU.Build.0 = Debug|Any CPU
		{a1abad2d-81d5-b581-c098-2879fc8f53ab}.Debug|Any CPU.ActiveCfg = Debug|Any CPU
		{a1abad2d-81d5-b581-c098-2879fc8f53ab}.Debug|Any CPU.Build.0 = Debug|Any CPU
		{62166538-5422-49f5-f0f3-d852e69d0069}.Debug|Any CPU.ActiveCfg = Debug|Any CPU
		{62166538-5422-49f5-f0f3-d852e69d0069}.Debug|Any CPU.Build.0 = Debug|Any CPU
		{11cb352b-4373-b42f-b302-3cfb255d96aa}.Debug|Any CPU.ActiveCfg = Debug|Any CPU
		{11cb352b-4373-b42f-b302-3cfb255d96aa}.Debug|Any CPU.Build.0 = Debug|Any CPU
		{305c19eb-c533-85de-0b53-4ddb05661aac}.Debug|Any CPU.ActiveCfg = Debug|Any CPU
		{305c19eb-c533-85de-0b53-4ddb05661aac}.Debug|Any CPU.Build.0 = Debug|Any CPU
		{f16d0647-ab1f-2343-dd22-2803fc5f0e85}.Debug|Any CPU.ActiveCfg = Debug|Any CPU
		{f16d0647-ab1f-2343-dd22-2803fc5f0e85}.Debug|Any CPU.Build.0 = Debug|Any CPU
		{efe9f670-b781-c093-c111-171387e6f6e4}.Debug|Any CPU.ActiveCfg = Debug|Any CPU
		{efe9f670-b781-c093-c111-171387e6f6e4}.Debug|Any CPU.Build.0 = Debug|Any CPU
		{dbbaa73b-36ec-66e8-ccf3-697a223551b9}.Debug|Any CPU.ActiveCfg = Debug|Any CPU
		{dbbaa73b-36ec-66e8-ccf3-697a223551b9}.Debug|Any CPU.Build.0 = Debug|Any CPU
		{4142eb88-c7f4-53bf-f3c7-846f43cbf7c2}.Debug|Any CPU.ActiveCfg = Debug|Any CPU
		{4142eb88-c7f4-53bf-f3c7-846f43cbf7c2}.Debug|Any CPU.Build.0 = Debug|Any CPU
		{7c7fbff3-6dd1-5149-b5f0-64403303c658}.Debug|Any CPU.ActiveCfg = Debug|Any CPU
		{7c7fbff3-6dd1-5149-b5f0-64403303c658}.Debug|Any CPU.Build.0 = Debug|Any CPU
		{9334b107-41ea-a7d7-d231-7fd66b1cbacd}.Debug|Any CPU.ActiveCfg = Debug|Any CPU
		{9334b107-41ea-a7d7-d231-7fd66b1cbacd}.Debug|Any CPU.Build.0 = Debug|Any CPU
		{54ed2f11-80ab-b7e7-6df8-ed121530ebf6}.Debug|Any CPU.ActiveCfg = Debug|Any CPU
		{54ed2f11-80ab-b7e7-6df8-ed121530ebf6}.Debug|Any CPU.Build.0 = Debug|Any CPU
		{db3d209e-951c-7f16-394c-4003d3d274ef}.Debug|Any CPU.ActiveCfg = Debug|Any CPU
		{db3d209e-951c-7f16-394c-4003d3d274ef}.Debug|Any CPU.Build.0 = Debug|Any CPU
	EndGlobalSection
	GlobalSection(SolutionProperties) = preSolution
		HideSolutionNode = FALSE
	EndGlobalSection
EndGlobal
